
Microsoft Visual Studio Solution File, Format Version 12.00
# Visual Studio 14
VisualStudioVersion = 14.0.24720.0
MinimumVisualStudioVersion = 10.0.40219.1
Project("{FAE04EC0-301F-11D3-BF4B-00C04F79EFBC}") = "1.03", "1.03\1.03.csproj", "{022DB47A-1DC2-41FC-A5D6-61D3D469ECAB}"
EndProject
Global
	GlobalSection(SolutionConfigurationPlatforms) = preSolution
		Debug|Any CPU = Debug|Any CPU
		Release|Any CPU = Release|Any CPU
	EndGlobalSection
	GlobalSection(ProjectConfigurationPlatforms) = postSolution
		{022DB47A-1DC2-41FC-A5D6-61D3D469ECAB}.Debug|Any CPU.ActiveCfg = Debug|Any CPU
		{022DB47A-1DC2-41FC-A5D6-61D3D469ECAB}.Debug|Any CPU.Build.0 = Debug|Any CPU
		{022DB47A-1DC2-41FC-A5D6-61D3D469ECAB}.Release|Any CPU.ActiveCfg = Release|Any CPU
		{022DB47A-1DC2-41FC-A5D6-61D3D469ECAB}.Release|Any CPU.Build.0 = Release|Any CPU
	EndGlobalSection
	GlobalSection(SolutionProperties) = preSolution
		HideSolutionNode = FALSE
	EndGlobalSection
EndGlobal
